
Microsoft Visual Studio Solution File, Format Version 12.00
# Visual Studio Version 16
VisualStudioVersion = 16.0.31729.503
MinimumVisualStudioVersion = 10.0.40219.1
Project("{2150E333-8FDC-42A3-9474-1A3956D46DE8}") = "1 - Valores Literais", "1 - Valores Literais", "{CE88F46E-50CA-4AF1-812A-1F375C19DF04}"
	ProjectSection(SolutionItems) = preProject
		1 - Resumo.cs = 1 - Resumo.cs
		1.1 String.cs = 1.1 String.cs
		1.2 Gravar um literal char.cs = 1.2 Gravar um literal char.cs
		1.3 Gravar literal int.cs = 1.3 Gravar literal int.cs
		1.4 Gravar literal decimal.cs = 1.4 Gravar literal decimal.cs
		1.5 Gravar literal boleano.cs = 1.5 Gravar literal boleano.cs
	EndProjectSection
EndProject
Project("{2150E333-8FDC-42A3-9474-1A3956D46DE8}") = "2 - Declarar Váriaveis", "2 - Declarar Váriaveis", "{69BC3E87-2474-4089-A65F-B50B1F6235E3}"
	ProjectSection(SolutionItems) = preProject
		2 - Resumo.cs = 2 - Resumo.cs
		2.1 Variavel.cs = 2.1 Variavel.cs
		2.2 Declarando variaveis.cs = 2.2 Declarando variaveis.cs
		2.3 Atribuindo valores.cs = 2.3 Atribuindo valores.cs
		2.4 Recuperando variavel.cs = 2.4 Recuperando variavel.cs
	EndProjectSection
EndProject
Project("{2150E333-8FDC-42A3-9474-1A3956D46DE8}") = "3 - Variaveis Locais de tipo Implicito", "3 - Variaveis Locais de tipo Implicito", "{B983D329-DA05-4F0E-BE38-39C594A732E8}"
	ProjectSection(SolutionItems) = preProject
		3 - Resumo.cs = 3 - Resumo.cs
		3.1 -Váriavel implicita.cs = 3.1 -Váriavel implicita.cs
	EndProjectSection
EndProject
Project("{2150E333-8FDC-42A3-9474-1A3956D46DE8}") = "4 - Sequencia de escape", "4 - Sequencia de escape", "{5E9308A7-9A50-44CB-A8D8-1D1342083036}"
	ProjectSection(SolutionItems) = preProject
		4 - Resumo.cs = 4 - Resumo.cs
		4.1 - Utilizando barra n.cs = 4.1 - Utilizando barra n.cs
		4.2 - Utilizando barra t.cs = 4.2 - Utilizando barra t.cs
		4.3 - Utilizando aspas e barras.cs = 4.3 - Utilizando aspas e barras.cs
		4.4 - Literal cadeia textual.cs = 4.4 - Literal cadeia textual.cs
		4.5 - Unicode.cs = 4.5 - Unicode.cs
	EndProjectSection
EndProject
Project("{2150E333-8FDC-42A3-9474-1A3956D46DE8}") = "5 - Concatenação", "5 - Concatenação", "{069AA306-D960-477F-8C48-4E0C0C9C4BE1}"
	ProjectSection(SolutionItems) = preProject
		5 - Resumo.cs = 5 - Resumo.cs
		5.1 - Concatenar  variavel e cadeia literal.cs = 5.1 - Concatenar  variavel e cadeia literal.cs
	EndProjectSection
EndProject
Project("{2150E333-8FDC-42A3-9474-1A3956D46DE8}") = "6 - Interpolação", "6 - Interpolação", "{5819D07E-4D42-4617-BDD2-008F982E2602}"
	ProjectSection(SolutionItems) = preProject
		6 - Resumo.cs = 6 - Resumo.cs
		6.1 - Interpolação de cadeia de caracteres.cs = 6.1 - Interpolação de cadeia de caracteres.cs
		6.2 - Literais textuais e interpolação.cs = 6.2 - Literais textuais e interpolação.cs
	EndProjectSection
EndProject
Project("{2150E333-8FDC-42A3-9474-1A3956D46DE8}") = "7 - Operações matematicas", "7 - Operações matematicas", "{ECEFCC52-A5D3-49CB-B74A-685221BEF3B6}"
	ProjectSection(SolutionItems) = preProject
		7 - Resumo.cs = 7 - Resumo.cs
		7.1 - Adicionar dois valores númericos.cs = 7.1 - Adicionar dois valores númericos.cs
		7.2 - Misturar tipos de dados para forçar as conversões de tipo implícitas.cs = 7.2 - Misturar tipos de dados para forçar as conversões de tipo implícitas.cs
		7.3 - Diferentes tipos de operações.cs = 7.3 - Diferentes tipos de operações.cs
		7.4 - Ordens de operações.cs = 7.4 - Ordens de operações.cs
		7.5 - Imprementar e decrementar.cs = 7.5 - Imprementar e decrementar.cs
	EndProjectSection
EndProject
Project("{2150E333-8FDC-42A3-9474-1A3956D46DE8}") = "8 - Biblioteca .NET", "8 - Biblioteca .NET", "{E43FBAEA-03B5-45C4-B164-CC1E991E3E20}"
	ProjectSection(SolutionItems) = preProject
		8 - Resumo.cs = 8 - Resumo.cs
		8.1 - Como chamar metodos na classe.cs = 8.1 - Como chamar metodos na classe.cs
		8.2 - Tipos de métodos na Biblioteca de Classes do .NET.cs = 8.2 - Tipos de métodos na Biblioteca de Classes do .NET.cs
		8.3 - Metodo com estado vs sem estado .cs = 8.3 - Metodo com estado vs sem estado .cs
		8.4 - Instância de classe.cs = 8.4 - Instância de classe.cs
		8.5 - Como determinar se necessário instância de classe.cs = 8.5 - Como determinar se necessário instância de classe.cs
		8.6 -  Valores retornados e parametros de entrada.cs = 8.6 -  Valores retornados e parametros de entrada.cs
	EndProjectSection
EndProject
Global
	GlobalSection(SolutionProperties) = preSolution
		HideSolutionNode = FALSE
	EndGlobalSection
	GlobalSection(ExtensibilityGlobals) = postSolution
		SolutionGuid = {E30315AF-B9E6-4D0D-BC4E-D382A2E3EFB6}
	EndGlobalSection
EndGlobal
